// !$*UTF8*$!
{
	archiveVersion = 1;
	classes = {
	};
	objectVersion = 55;
	objects = {

/* Begin PBXBuildFile section */
		9F16EDDA2870633D00418C3C /* QuicheVersionNegotiationHandler.swift in Sources */ = {isa = PBXBuildFile; fileRef = 9F16EDD92870633D00418C3C /* QuicheVersionNegotiationHandler.swift */; };
		9F16EDDC2870672B00418C3C /* QuicheDatagramHandler.swift in Sources */ = {isa = PBXBuildFile; fileRef = 9F16EDDB2870672B00418C3C /* QuicheDatagramHandler.swift */; };
		9F54E50E286F51E3000CF22C /* QuicheEchoHandler.swift in Sources */ = {isa = PBXBuildFile; fileRef = 9F54E50D286F51E3000CF22C /* QuicheEchoHandler.swift */; };
		9F54E510286F7881000CF22C /* QuicheServerBootstrap.swift in Sources */ = {isa = PBXBuildFile; fileRef = 9F54E50F286F7881000CF22C /* QuicheServerBootstrap.swift */; };
		9F54E512286FAD4E000CF22C /* AddressValidation.swift in Sources */ = {isa = PBXBuildFile; fileRef = 9F54E511286FAD4E000CF22C /* AddressValidation.swift */; };
		9F54E514286FF883000CF22C /* ConnectionPool.swift in Sources */ = {isa = PBXBuildFile; fileRef = 9F54E513286FF883000CF22C /* ConnectionPool.swift */; };
		9F5AF54E286E1D470017DB9F /* main.swift in Sources */ = {isa = PBXBuildFile; fileRef = 9F5AF54D286E1D470017DB9F /* main.swift */; };
		9F5AF558286E1F280017DB9F /* SwiftQuiche in Frameworks */ = {isa = PBXBuildFile; productRef = 9F5AF557286E1F280017DB9F /* SwiftQuiche */; };
		9F5AF55A286E1FB00017DB9F /* Security.framework in Frameworks */ = {isa = PBXBuildFile; fileRef = 9F5AF559286E1FB00017DB9F /* Security.framework */; };
		9F5AF566286E36610017DB9F /* NIO in Frameworks */ = {isa = PBXBuildFile; productRef = 9F5AF565286E36610017DB9F /* NIO */; };
		9F5AF568286E36610017DB9F /* NIOCore in Frameworks */ = {isa = PBXBuildFile; productRef = 9F5AF567286E36610017DB9F /* NIOCore */; };
		9F5AF56A286E36610017DB9F /* NIOPosix in Frameworks */ = {isa = PBXBuildFile; productRef = 9F5AF569286E36610017DB9F /* NIOPosix */; };
/* End PBXBuildFile section */

/* Begin PBXCopyFilesBuildPhase section */
		9F5AF548286E1D470017DB9F /* CopyFiles */ = {
			isa = PBXCopyFilesBuildPhase;
			buildActionMask = 2147483647;
			dstPath = /usr/share/man/man1/;
			dstSubfolderSpec = 0;
			files = (
			);
			runOnlyForDeploymentPostprocessing = 1;
		};
/* End PBXCopyFilesBuildPhase section */

/* Begin PBXFileReference section */
		9F16EDD92870633D00418C3C /* QuicheVersionNegotiationHandler.swift */ = {isa = PBXFileReference; lastKnownFileType = sourcecode.swift; path = QuicheVersionNegotiationHandler.swift; sourceTree = "<group>"; };
		9F16EDDB2870672B00418C3C /* QuicheDatagramHandler.swift */ = {isa = PBXFileReference; lastKnownFileType = sourcecode.swift; path = QuicheDatagramHandler.swift; sourceTree = "<group>"; };
		9F54E50D286F51E3000CF22C /* QuicheEchoHandler.swift */ = {isa = PBXFileReference; lastKnownFileType = sourcecode.swift; path = QuicheEchoHandler.swift; sourceTree = "<group>"; };
		9F54E50F286F7881000CF22C /* QuicheServerBootstrap.swift */ = {isa = PBXFileReference; lastKnownFileType = sourcecode.swift; path = QuicheServerBootstrap.swift; sourceTree = "<group>"; };
		9F54E511286FAD4E000CF22C /* AddressValidation.swift */ = {isa = PBXFileReference; lastKnownFileType = sourcecode.swift; path = AddressValidation.swift; sourceTree = "<group>"; };
		9F54E513286FF883000CF22C /* ConnectionPool.swift */ = {isa = PBXFileReference; lastKnownFileType = sourcecode.swift; path = ConnectionPool.swift; sourceTree = "<group>"; };
		9F5AF54A286E1D470017DB9F /* SwiftQuicheExample */ = {isa = PBXFileReference; explicitFileType = "compiled.mach-o.executable"; includeInIndex = 0; path = SwiftQuicheExample; sourceTree = BUILT_PRODUCTS_DIR; };
		9F5AF54D286E1D470017DB9F /* main.swift */ = {isa = PBXFileReference; lastKnownFileType = sourcecode.swift; path = main.swift; sourceTree = "<group>"; };
		9F5AF555286E1D6E0017DB9F /* swift-quiche */ = {isa = PBXFileReference; lastKnownFileType = wrapper; name = "swift-quiche"; path = "../quic/swift-quiche"; sourceTree = "<group>"; };
		9F5AF559286E1FB00017DB9F /* Security.framework */ = {isa = PBXFileReference; lastKnownFileType = wrapper.framework; name = Security.framework; path = System/Library/Frameworks/Security.framework; sourceTree = SDKROOT; };
/* End PBXFileReference section */

/* Begin PBXFrameworksBuildPhase section */
		9F5AF547286E1D470017DB9F /* Frameworks */ = {
			isa = PBXFrameworksBuildPhase;
			buildActionMask = 2147483647;
			files = (
				9F5AF55A286E1FB00017DB9F /* Security.framework in Frameworks */,
				9F5AF558286E1F280017DB9F /* SwiftQuiche in Frameworks */,
				9F5AF566286E36610017DB9F /* NIO in Frameworks */,
				9F5AF568286E36610017DB9F /* NIOCore in Frameworks */,
				9F5AF56A286E36610017DB9F /* NIOPosix in Frameworks */,
			);
			runOnlyForDeploymentPostprocessing = 0;
		};
/* End PBXFrameworksBuildPhase section */

/* Begin PBXGroup section */
		9F5AF541286E1D470017DB9F = {
			isa = PBXGroup;
			children = (
				9F5AF554286E1D6E0017DB9F /* Packages */,
				9F5AF54C286E1D470017DB9F /* SwiftQuicheExample */,
				9F5AF54B286E1D470017DB9F /* Products */,
				9F5AF556286E1F280017DB9F /* Frameworks */,
			);
			sourceTree = "<group>";
		};
		9F5AF54B286E1D470017DB9F /* Products */ = {
			isa = PBXGroup;
			children = (
				9F5AF54A286E1D470017DB9F /* SwiftQuicheExample */,
			);
			name = Products;
			sourceTree = "<group>";
		};
		9F5AF54C286E1D470017DB9F /* SwiftQuicheExample */ = {
			isa = PBXGroup;
			children = (
				9F5AF54D286E1D470017DB9F /* main.swift */,
				9F54E50D286F51E3000CF22C /* QuicheEchoHandler.swift */,
				9F54E50F286F7881000CF22C /* QuicheServerBootstrap.swift */,
				9F54E511286FAD4E000CF22C /* AddressValidation.swift */,
				9F54E513286FF883000CF22C /* ConnectionPool.swift */,
				9F16EDD92870633D00418C3C /* QuicheVersionNegotiationHandler.swift */,
				9F16EDDB2870672B00418C3C /* QuicheDatagramHandler.swift */,
			);
			path = SwiftQuicheExample;
			sourceTree = "<group>";
		};
		9F5AF554286E1D6E0017DB9F /* Packages */ = {
			isa = PBXGroup;
			children = (
				9F5AF555286E1D6E0017DB9F /* swift-quiche */,
			);
			name = Packages;
			sourceTree = "<group>";
		};
		9F5AF556286E1F280017DB9F /* Frameworks */ = {
			isa = PBXGroup;
			children = (
				9F5AF559286E1FB00017DB9F /* Security.framework */,
			);
			name = Frameworks;
			sourceTree = "<group>";
		};
/* End PBXGroup section */

/* Begin PBXNativeTarget section */
		9F5AF549286E1D470017DB9F /* SwiftQuicheExample */ = {
			isa = PBXNativeTarget;
			buildConfigurationList = 9F5AF551286E1D470017DB9F /* Build configuration list for PBXNativeTarget "SwiftQuicheExample" */;
			buildPhases = (
				9F5AF546286E1D470017DB9F /* Sources */,
				9F5AF547286E1D470017DB9F /* Frameworks */,
				9F5AF548286E1D470017DB9F /* CopyFiles */,
			);
			buildRules = (
			);
			dependencies = (
			);
			name = SwiftQuicheExample;
			packageProductDependencies = (
				9F5AF557286E1F280017DB9F /* SwiftQuiche */,
				9F5AF565286E36610017DB9F /* NIO */,
				9F5AF567286E36610017DB9F /* NIOCore */,
				9F5AF569286E36610017DB9F /* NIOPosix */,
			);
			productName = SwiftQuicheExample;
			productReference = 9F5AF54A286E1D470017DB9F /* SwiftQuicheExample */;
			productType = "com.apple.product-type.tool";
		};
/* End PBXNativeTarget section */

/* Begin PBXProject section */
		9F5AF542286E1D470017DB9F /* Project object */ = {
			isa = PBXProject;
			attributes = {
				BuildIndependentTargetsInParallel = 1;
				LastSwiftUpdateCheck = 1340;
				LastUpgradeCheck = 1340;
				TargetAttributes = {
					9F5AF549286E1D470017DB9F = {
						CreatedOnToolsVersion = 13.4.1;
					};
				};
			};
			buildConfigurationList = 9F5AF545286E1D470017DB9F /* Build configuration list for PBXProject "SwiftQuicheExample" */;
			compatibilityVersion = "Xcode 13.0";
			developmentRegion = en;
			hasScannedForEncodings = 0;
			knownRegions = (
				en,
				Base,
			);
			mainGroup = 9F5AF541286E1D470017DB9F;
			packageReferences = (
				9F5AF564286E36610017DB9F /* XCRemoteSwiftPackageReference "swift-nio" */,
			);
			productRefGroup = 9F5AF54B286E1D470017DB9F /* Products */;
			projectDirPath = "";
			projectRoot = "";
			targets = (
				9F5AF549286E1D470017DB9F /* SwiftQuicheExample */,
			);
		};
/* End PBXProject section */

/* Begin PBXSourcesBuildPhase section */
		9F5AF546286E1D470017DB9F /* Sources */ = {
			isa = PBXSourcesBuildPhase;
			buildActionMask = 2147483647;
			files = (
				9F54E50E286F51E3000CF22C /* QuicheEchoHandler.swift in Sources */,
				9F16EDDC2870672B00418C3C /* QuicheDatagramHandler.swift in Sources */,
				9F54E510286F7881000CF22C /* QuicheServerBootstrap.swift in Sources */,
				9F5AF54E286E1D470017DB9F /* main.swift in Sources */,
				9F54E514286FF883000CF22C /* ConnectionPool.swift in Sources */,
				9F54E512286FAD4E000CF22C /* AddressValidation.swift in Sources */,
				9F16EDDA2870633D00418C3C /* QuicheVersionNegotiationHandler.swift in Sources */,
			);
			runOnlyForDeploymentPostprocessing = 0;
		};
/* End PBXSourcesBuildPhase section */

/* Begin XCBuildConfiguration section */
		9F5AF54F286E1D470017DB9F /* Debug */ = {
			isa = XCBuildConfiguration;
			buildSettings = {
				ALWAYS_SEARCH_USER_PATHS = NO;
				CLANG_ANALYZER_NONNULL = YES;
				CLANG_ANALYZER_NUMBER_OBJECT_CONVERSION = YES_AGGRESSIVE;
				CLANG_CXX_LANGUAGE_STANDARD = "gnu++17";
				CLANG_ENABLE_MODULES = YES;
				CLANG_ENABLE_OBJC_ARC = YES;
				CLANG_ENABLE_OBJC_WEAK = YES;
				CLANG_WARN_BLOCK_CAPTURE_AUTORELEASING = YES;
				CLANG_WARN_BOOL_CONVERSION = YES;
				CLANG_WARN_COMMA = YES;
				CLANG_WARN_CONSTANT_CONVERSION = YES;
				CLANG_WARN_DEPRECATED_OBJC_IMPLEMENTATIONS = YES;
				CLANG_WARN_DIRECT_OBJC_ISA_USAGE = YES_ERROR;
				CLANG_WARN_DOCUMENTATION_COMMENTS = YES;
				CLANG_WARN_EMPTY_BODY = YES;
				CLANG_WARN_ENUM_CONVERSION = YES;
				CLANG_WARN_INFINITE_RECURSION = YES;
				CLANG_WARN_INT_CONVERSION = YES;
				CLANG_WARN_NON_LITERAL_NULL_CONVERSION = YES;
				CLANG_WARN_OBJC_IMPLICIT_RETAIN_SELF = YES;
				CLANG_WARN_OBJC_LITERAL_CONVERSION = YES;
				CLANG_WARN_OBJC_ROOT_CLASS = YES_ERROR;
				CLANG_WARN_QUOTED_INCLUDE_IN_FRAMEWORK_HEADER = YES;
				CLANG_WARN_RANGE_LOOP_ANALYSIS = YES;
				CLANG_WARN_STRICT_PROTOTYPES = YES;
				CLANG_WARN_SUSPICIOUS_MOVE = YES;
				CLANG_WARN_UNGUARDED_AVAILABILITY = YES_AGGRESSIVE;
				CLANG_WARN_UNREACHABLE_CODE = YES;
				CLANG_WARN__DUPLICATE_METHOD_MATCH = YES;
				COPY_PHASE_STRIP = NO;
				DEBUG_INFORMATION_FORMAT = dwarf;
				ENABLE_STRICT_OBJC_MSGSEND = YES;
				ENABLE_TESTABILITY = YES;
				GCC_C_LANGUAGE_STANDARD = gnu11;
				GCC_DYNAMIC_NO_PIC = NO;
				GCC_NO_COMMON_BLOCKS = YES;
				GCC_OPTIMIZATION_LEVEL = 0;
				GCC_PREPROCESSOR_DEFINITIONS = (
					"DEBUG=1",
					"$(inherited)",
				);
				GCC_WARN_64_TO_32_BIT_CONVERSION = YES;
				GCC_WARN_ABOUT_RETURN_TYPE = YES_ERROR;
				GCC_WARN_UNDECLARED_SELECTOR = YES;
				GCC_WARN_UNINITIALIZED_AUTOS = YES_AGGRESSIVE;
				GCC_WARN_UNUSED_FUNCTION = YES;
				GCC_WARN_UNUSED_VARIABLE = YES;
				MACOSX_DEPLOYMENT_TARGET = 12.3;
				MTL_ENABLE_DEBUG_INFO = INCLUDE_SOURCE;
				MTL_FAST_MATH = YES;
				ONLY_ACTIVE_ARCH = YES;
				SDKROOT = macosx;
				SWIFT_ACTIVE_COMPILATION_CONDITIONS = DEBUG;
				SWIFT_OPTIMIZATION_LEVEL = "-Onone";
			};
			name = Debug;
		};
		9F5AF550286E1D470017DB9F /* Release */ = {
			isa = XCBuildConfiguration;
			buildSettings = {
				ALWAYS_SEARCH_USER_PATHS = NO;
				CLANG_ANALYZER_NONNULL = YES;
				CLANG_ANALYZER_NUMBER_OBJECT_CONVERSION = YES_AGGRESSIVE;
				CLANG_CXX_LANGUAGE_STANDARD = "gnu++17";
				CLANG_ENABLE_MODULES = YES;
				CLANG_ENABLE_OBJC_ARC = YES;
				CLANG_ENABLE_OBJC_WEAK = YES;
				CLANG_WARN_BLOCK_CAPTURE_AUTORELEASING = YES;
				CLANG_WARN_BOOL_CONVERSION = YES;
				CLANG_WARN_COMMA = YES;
				CLANG_WARN_CONSTANT_CONVERSION = YES;
				CLANG_WARN_DEPRECATED_OBJC_IMPLEMENTATIONS = YES;
				CLANG_WARN_DIRECT_OBJC_ISA_USAGE = YES_ERROR;
				CLANG_WARN_DOCUMENTATION_COMMENTS = YES;
				CLANG_WARN_EMPTY_BODY = YES;
				CLANG_WARN_ENUM_CONVERSION = YES;
				CLANG_WARN_INFINITE_RECURSION = YES;
				CLANG_WARN_INT_CONVERSION = YES;
				CLANG_WARN_NON_LITERAL_NULL_CONVERSION = YES;
				CLANG_WARN_OBJC_IMPLICIT_RETAIN_SELF = YES;
				CLANG_WARN_OBJC_LITERAL_CONVERSION = YES;
				CLANG_WARN_OBJC_ROOT_CLASS = YES_ERROR;
				CLANG_WARN_QUOTED_INCLUDE_IN_FRAMEWORK_HEADER = YES;
				CLANG_WARN_RANGE_LOOP_ANALYSIS = YES;
				CLANG_WARN_STRICT_PROTOTYPES = YES;
				CLANG_WARN_SUSPICIOUS_MOVE = YES;
				CLANG_WARN_UNGUARDED_AVAILABILITY = YES_AGGRESSIVE;
				CLANG_WARN_UNREACHABLE_CODE = YES;
				CLANG_WARN__DUPLICATE_METHOD_MATCH = YES;
				COPY_PHASE_STRIP = NO;
				DEBUG_INFORMATION_FORMAT = "dwarf-with-dsym";
				ENABLE_NS_ASSERTIONS = NO;
				ENABLE_STRICT_OBJC_MSGSEND = YES;
				GCC_C_LANGUAGE_STANDARD = gnu11;
				GCC_NO_COMMON_BLOCKS = YES;
				GCC_WARN_64_TO_32_BIT_CONVERSION = YES;
				GCC_WARN_ABOUT_RETURN_TYPE = YES_ERROR;
				GCC_WARN_UNDECLARED_SELECTOR = YES;
				GCC_WARN_UNINITIALIZED_AUTOS = YES_AGGRESSIVE;
				GCC_WARN_UNUSED_FUNCTION = YES;
				GCC_WARN_UNUSED_VARIABLE = YES;
				MACOSX_DEPLOYMENT_TARGET = 12.3;
				MTL_ENABLE_DEBUG_INFO = NO;
				MTL_FAST_MATH = YES;
				SDKROOT = macosx;
				SWIFT_COMPILATION_MODE = wholemodule;
				SWIFT_OPTIMIZATION_LEVEL = "-O";
			};
			name = Release;
		};
		9F5AF552286E1D470017DB9F /* Debug */ = {
			isa = XCBuildConfiguration;
			buildSettings = {
				CODE_SIGN_STYLE = Automatic;
				DEVELOPMENT_TEAM = 4HDBBU25PK;
				ENABLE_HARDENED_RUNTIME = YES;
				PRODUCT_NAME = "$(TARGET_NAME)";
				SWIFT_VERSION = 5.0;
			};
			name = Debug;
		};
		9F5AF553286E1D470017DB9F /* Release */ = {
			isa = XCBuildConfiguration;
			buildSettings = {
				CODE_SIGN_STYLE = Automatic;
				DEVELOPMENT_TEAM = 4HDBBU25PK;
				ENABLE_HARDENED_RUNTIME = YES;
				PRODUCT_NAME = "$(TARGET_NAME)";
				SWIFT_VERSION = 5.0;
			};
			name = Release;
		};
/* End XCBuildConfiguration section */

/* Begin XCConfigurationList section */
		9F5AF545286E1D470017DB9F /* Build configuration list for PBXProject "SwiftQuicheExample" */ = {
			isa = XCConfigurationList;
			buildConfigurations = (
				9F5AF54F286E1D470017DB9F /* Debug */,
				9F5AF550286E1D470017DB9F /* Release */,
			);
			defaultConfigurationIsVisible = 0;
			defaultConfigurationName = Release;
		};
		9F5AF551286E1D470017DB9F /* Build configuration list for PBXNativeTarget "SwiftQuicheExample" */ = {
			isa = XCConfigurationList;
			buildConfigurations = (
				9F5AF552286E1D470017DB9F /* Debug */,
				9F5AF553286E1D470017DB9F /* Release */,
			);
			defaultConfigurationIsVisible = 0;
			defaultConfigurationName = Release;
		};
/* End XCConfigurationList section */

/* Begin XCRemoteSwiftPackageReference section */
		9F5AF564286E36610017DB9F /* XCRemoteSwiftPackageReference "swift-nio" */ = {
			isa = XCRemoteSwiftPackageReference;
			repositoryURL = "https://github.com/apple/swift-nio.git";
			requirement = {
				kind = upToNextMajorVersion;
				minimumVersion = 2.0.0;
			};
		};
/* End XCRemoteSwiftPackageReference section */

/* Begin XCSwiftPackageProductDependency section */
		9F5AF557286E1F280017DB9F /* SwiftQuiche */ = {
			isa = XCSwiftPackageProductDependency;
			productName = SwiftQuiche;
		};
		9F5AF565286E36610017DB9F /* NIO */ = {
			isa = XCSwiftPackageProductDependency;
			package = 9F5AF564286E36610017DB9F /* XCRemoteSwiftPackageReference "swift-nio" */;
			productName = NIO;
		};
		9F5AF567286E36610017DB9F /* NIOCore */ = {
			isa = XCSwiftPackageProductDependency;
			package = 9F5AF564286E36610017DB9F /* XCRemoteSwiftPackageReference "swift-nio" */;
			productName = NIOCore;
		};
		9F5AF569286E36610017DB9F /* NIOPosix */ = {
			isa = XCSwiftPackageProductDependency;
			package = 9F5AF564286E36610017DB9F /* XCRemoteSwiftPackageReference "swift-nio" */;
			productName = NIOPosix;
		};
/* End XCSwiftPackageProductDependency section */
	};
	rootObject = 9F5AF542286E1D470017DB9F /* Project object */;
}
